
Microsoft Visual Studio Solution File, Format Version 12.00
# Visual Studio Version 17
VisualStudioVersion = 17.0.32112.339
MinimumVisualStudioVersion = 10.0.40219.1
Project("{FAE04EC0-301F-11D3-BF4B-00C04F79EFBC}") = "PersonagemRPGex1", "PersonagemRPGex1\PersonagemRPGex1.csproj", "{BC93E30F-D166-49EC-992A-1B964D03632C}"
EndProject
Global
	GlobalSection(SolutionConfigurationPlatforms) = preSolution
		Debug|Any CPU = Debug|Any CPU
		Release|Any CPU = Release|Any CPU
	EndGlobalSection
	GlobalSection(ProjectConfigurationPlatforms) = postSolution
		{BC93E30F-D166-49EC-992A-1B964D03632C}.Debug|Any CPU.ActiveCfg = Debug|Any CPU
		{BC93E30F-D166-49EC-992A-1B964D03632C}.Debug|Any CPU.Build.0 = Debug|Any CPU
		{BC93E30F-D166-49EC-992A-1B964D03632C}.Release|Any CPU.ActiveCfg = Release|Any CPU
		{BC93E30F-D166-49EC-992A-1B964D03632C}.Release|Any CPU.Build.0 = Release|Any CPU
	EndGlobalSection
	GlobalSection(SolutionProperties) = preSolution
		HideSolutionNode = FALSE
	EndGlobalSection
	GlobalSection(ExtensibilityGlobals) = postSolution
		SolutionGuid = {1A216507-E436-402B-A137-16A6F51D217E}
	EndGlobalSection
EndGlobal
